
Microsoft Visual Studio Solution File, Format Version 12.00
# Visual Studio Version 17
VisualStudioVersion = 17.14.36705.20
MinimumVisualStudioVersion = 10.0.40219.1
Project("{FAE04EC0-301F-11D3-BF4B-00C04F79EFBC}") = "Bai1_CheckIP", "Bai1_CheckIP\Bai1_CheckIP.csproj", "{D050EA5B-59E3-4005-B03E-27E4F4A40A75}"
EndProject
Project("{FAE04EC0-301F-11D3-BF4B-00C04F79EFBC}") = "Bai2_LocalInfo", "Bai2_LocalInfo\Bai2_LocalInfo.csproj", "{536218D2-EEC8-4A14-B192-66C9764C415F}"
EndProject
Project("{FAE04EC0-301F-11D3-BF4B-00C04F79EFBC}") = "Bai6_Client", "Bai6_Client\Bai6_Client.csproj", "{86DC8B99-E25E-410C-8950-FA5542A26531}"
EndProject
Project("{FAE04EC0-301F-11D3-BF4B-00C04F79EFBC}") = "Bai6_Server", "Bai6_Server\Bai6_Server.csproj", "{E5E6A7D6-1D83-4FEC-BF93-5F6E02929416}"
EndProject
Project("{FAE04EC0-301F-11D3-BF4B-00C04F79EFBC}") = "Bai5_Client", "Bai5_Client\Bai5_Client.csproj", "{7A91D37C-FDCB-4754-AFDB-4C077B02B2B0}"
EndProject
Project("{FAE04EC0-301F-11D3-BF4B-00C04F79EFBC}") = "Bai5_Server", "Bai5_Server\Bai5_Server.csproj", "{2D339974-E08B-4E3E-A0CD-B14663D6889E}"
EndProject
Project("{FAE04EC0-301F-11D3-BF4B-00C04F79EFBC}") = "Bai3_DNS", "Bai3_DNS\Bai3_DNS.csproj", "{81202E66-3AA0-4C9E-94B5-57FC78355BB8}"
EndProject
Project("{FAE04EC0-301F-11D3-BF4B-00C04F79EFBC}") = "Bai4_IPType", "Bai5_IPType\Bai4_IPType.csproj", "{57646109-D2CF-420A-92D8-1FA8428B7B66}"
EndProject
Project("{2150E333-8FDC-42A3-9474-1A3956D46DE8}") = "BTH1", "BTH1", "{02EA681E-C7D8-13C7-8484-4AC65E1B71E8}"
EndProject
Global
	GlobalSection(SolutionConfigurationPlatforms) = preSolution
		Debug|Any CPU = Debug|Any CPU
		Release|Any CPU = Release|Any CPU
	EndGlobalSection
	GlobalSection(ProjectConfigurationPlatforms) = postSolution
		{D050EA5B-59E3-4005-B03E-27E4F4A40A75}.Debug|Any CPU.ActiveCfg = Debug|Any CPU
		{D050EA5B-59E3-4005-B03E-27E4F4A40A75}.Debug|Any CPU.Build.0 = Debug|Any CPU
		{D050EA5B-59E3-4005-B03E-27E4F4A40A75}.Release|Any CPU.ActiveCfg = Release|Any CPU
		{D050EA5B-59E3-4005-B03E-27E4F4A40A75}.Release|Any CPU.Build.0 = Release|Any CPU
		{536218D2-EEC8-4A14-B192-66C9764C415F}.Debug|Any CPU.ActiveCfg = Debug|Any CPU
		{536218D2-EEC8-4A14-B192-66C9764C415F}.Debug|Any CPU.Build.0 = Debug|Any CPU
		{536218D2-EEC8-4A14-B192-66C9764C415F}.Release|Any CPU.ActiveCfg = Release|Any CPU
		{536218D2-EEC8-4A14-B192-66C9764C415F}.Release|Any CPU.Build.0 = Release|Any CPU
		{86DC8B99-E25E-410C-8950-FA5542A26531}.Debug|Any CPU.ActiveCfg = Debug|Any CPU
		{86DC8B99-E25E-410C-8950-FA5542A26531}.Debug|Any CPU.Build.0 = Debug|Any CPU
		{86DC8B99-E25E-410C-8950-FA5542A26531}.Release|Any CPU.ActiveCfg = Release|Any CPU
		{86DC8B99-E25E-410C-8950-FA5542A26531}.Release|Any CPU.Build.0 = Release|Any CPU
		{E5E6A7D6-1D83-4FEC-BF93-5F6E02929416}.Debug|Any CPU.ActiveCfg = Debug|Any CPU
		{E5E6A7D6-1D83-4FEC-BF93-5F6E02929416}.Debug|Any CPU.Build.0 = Debug|Any CPU
		{E5E6A7D6-1D83-4FEC-BF93-5F6E02929416}.Release|Any CPU.ActiveCfg = Release|Any CPU
		{E5E6A7D6-1D83-4FEC-BF93-5F6E02929416}.Release|Any CPU.Build.0 = Release|Any CPU
		{7A91D37C-FDCB-4754-AFDB-4C077B02B2B0}.Debug|Any CPU.ActiveCfg = Debug|Any CPU
		{7A91D37C-FDCB-4754-AFDB-4C077B02B2B0}.Debug|Any CPU.Build.0 = Debug|Any CPU
		{7A91D37C-FDCB-4754-AFDB-4C077B02B2B0}.Release|Any CPU.ActiveCfg = Release|Any CPU
		{7A91D37C-FDCB-4754-AFDB-4C077B02B2B0}.Release|Any CPU.Build.0 = Release|Any CPU
		{2D339974-E08B-4E3E-A0CD-B14663D6889E}.Debug|Any CPU.ActiveCfg = Debug|Any CPU
		{2D339974-E08B-4E3E-A0CD-B14663D6889E}.Debug|Any CPU.Build.0 = Debug|Any CPU
		{2D339974-E08B-4E3E-A0CD-B14663D6889E}.Release|Any CPU.ActiveCfg = Release|Any CPU
		{2D339974-E08B-4E3E-A0CD-B14663D6889E}.Release|Any CPU.Build.0 = Release|Any CPU
		{81202E66-3AA0-4C9E-94B5-57FC78355BB8}.Debug|Any CPU.ActiveCfg = Debug|Any CPU
		{81202E66-3AA0-4C9E-94B5-57FC78355BB8}.Debug|Any CPU.Build.0 = Debug|Any CPU
		{81202E66-3AA0-4C9E-94B5-57FC78355BB8}.Release|Any CPU.ActiveCfg = Release|Any CPU
		{81202E66-3AA0-4C9E-94B5-57FC78355BB8}.Release|Any CPU.Build.0 = Release|Any CPU
		{57646109-D2CF-420A-92D8-1FA8428B7B66}.Debug|Any CPU.ActiveCfg = Debug|Any CPU
		{57646109-D2CF-420A-92D8-1FA8428B7B66}.Debug|Any CPU.Build.0 = Debug|Any CPU
		{57646109-D2CF-420A-92D8-1FA8428B7B66}.Release|Any CPU.ActiveCfg = Release|Any CPU
		{57646109-D2CF-420A-92D8-1FA8428B7B66}.Release|Any CPU.Build.0 = Release|Any CPU
	EndGlobalSection
	GlobalSection(SolutionProperties) = preSolution
		HideSolutionNode = FALSE
	EndGlobalSection
	GlobalSection(NestedProjects) = preSolution
		{D050EA5B-59E3-4005-B03E-27E4F4A40A75} = {02EA681E-C7D8-13C7-8484-4AC65E1B71E8}
		{536218D2-EEC8-4A14-B192-66C9764C415F} = {02EA681E-C7D8-13C7-8484-4AC65E1B71E8}
		{86DC8B99-E25E-410C-8950-FA5542A26531} = {02EA681E-C7D8-13C7-8484-4AC65E1B71E8}
		{E5E6A7D6-1D83-4FEC-BF93-5F6E02929416} = {02EA681E-C7D8-13C7-8484-4AC65E1B71E8}
		{7A91D37C-FDCB-4754-AFDB-4C077B02B2B0} = {02EA681E-C7D8-13C7-8484-4AC65E1B71E8}
		{2D339974-E08B-4E3E-A0CD-B14663D6889E} = {02EA681E-C7D8-13C7-8484-4AC65E1B71E8}
		{81202E66-3AA0-4C9E-94B5-57FC78355BB8} = {02EA681E-C7D8-13C7-8484-4AC65E1B71E8}
		{57646109-D2CF-420A-92D8-1FA8428B7B66} = {02EA681E-C7D8-13C7-8484-4AC65E1B71E8}
	EndGlobalSection
	GlobalSection(ExtensibilityGlobals) = postSolution
		SolutionGuid = {D31F3425-F6FF-4CA9-A915-5ACA5ADD3210}
	EndGlobalSection
EndGlobal
